
Microsoft Visual Studio Solution File, Format Version 12.00
# Visual Studio Version 16
VisualStudioVersion = 16.0.31624.102
MinimumVisualStudioVersion = 10.0.40219.1
Project("{2150E333-8FDC-42A3-9474-1A3956D46DE8}") = "Services", "Services", "{F7D11F86-ADB3-4050-B139-DDBAB354D874}"
EndProject
Project("{2150E333-8FDC-42A3-9474-1A3956D46DE8}") = "Catalog", "Catalog", "{FA892580-BF51-4B07-9B92-F74AF0C2031D}"
EndProject
Project("{9A19103F-16F7-4668-BE54-9A1E7A4F7556}") = "Catalog.API", "Services\Catalog\Catalog.API\Catalog.API.csproj", "{DB71F5D2-BDA5-4414-8F15-F62E0237D86B}"
EndProject
Project("{E53339B2-1760-4266-BCC7-CA923CBCF16C}") = "docker-compose", "docker-compose.dcproj", "{EC02F76F-78DD-44AB-A5D7-D87244A0E43D}"
EndProject
Project("{2150E333-8FDC-42A3-9474-1A3956D46DE8}") = "Basket", "Basket", "{CEA3EECD-DBAF-475B-B979-3947C6F8B4E0}"
EndProject
Project("{FAE04EC0-301F-11D3-BF4B-00C04F79EFBC}") = "Basket.API", "Services\Basket\Basket.API\Basket.API.csproj", "{DD4118C1-581D-4AB9-8A06-C493B2912075}"
EndProject
Project("{2150E333-8FDC-42A3-9474-1A3956D46DE8}") = "Discount", "Discount", "{1FA3B4EC-2357-4C00-A739-C94C35A1CBD5}"
EndProject
Project("{FAE04EC0-301F-11D3-BF4B-00C04F79EFBC}") = "Discount.API", "Services\Discount\Discount.API\Discount.API.csproj", "{8CB40980-F620-4630-9E6B-A7947502AC47}"
EndProject
Project("{FAE04EC0-301F-11D3-BF4B-00C04F79EFBC}") = "Discount.Grpc", "Services\Discount\Discount.Grpc\Discount.Grpc.csproj", "{128ABBEE-310A-43BF-8F1E-3A5A78E3FFD3}"
EndProject
Global
	GlobalSection(SolutionConfigurationPlatforms) = preSolution
		Debug|Any CPU = Debug|Any CPU
		Release|Any CPU = Release|Any CPU
	EndGlobalSection
	GlobalSection(ProjectConfigurationPlatforms) = postSolution
		{DB71F5D2-BDA5-4414-8F15-F62E0237D86B}.Debug|Any CPU.ActiveCfg = Debug|Any CPU
		{DB71F5D2-BDA5-4414-8F15-F62E0237D86B}.Debug|Any CPU.Build.0 = Debug|Any CPU
		{DB71F5D2-BDA5-4414-8F15-F62E0237D86B}.Release|Any CPU.ActiveCfg = Release|Any CPU
		{DB71F5D2-BDA5-4414-8F15-F62E0237D86B}.Release|Any CPU.Build.0 = Release|Any CPU
		{EC02F76F-78DD-44AB-A5D7-D87244A0E43D}.Debug|Any CPU.ActiveCfg = Debug|Any CPU
		{EC02F76F-78DD-44AB-A5D7-D87244A0E43D}.Debug|Any CPU.Build.0 = Debug|Any CPU
		{EC02F76F-78DD-44AB-A5D7-D87244A0E43D}.Release|Any CPU.ActiveCfg = Release|Any CPU
		{EC02F76F-78DD-44AB-A5D7-D87244A0E43D}.Release|Any CPU.Build.0 = Release|Any CPU
		{DD4118C1-581D-4AB9-8A06-C493B2912075}.Debug|Any CPU.ActiveCfg = Debug|Any CPU
		{DD4118C1-581D-4AB9-8A06-C493B2912075}.Debug|Any CPU.Build.0 = Debug|Any CPU
		{DD4118C1-581D-4AB9-8A06-C493B2912075}.Release|Any CPU.ActiveCfg = Release|Any CPU
		{DD4118C1-581D-4AB9-8A06-C493B2912075}.Release|Any CPU.Build.0 = Release|Any CPU
		{8CB40980-F620-4630-9E6B-A7947502AC47}.Debug|Any CPU.ActiveCfg = Debug|Any CPU
		{8CB40980-F620-4630-9E6B-A7947502AC47}.Debug|Any CPU.Build.0 = Debug|Any CPU
		{8CB40980-F620-4630-9E6B-A7947502AC47}.Release|Any CPU.ActiveCfg = Release|Any CPU
		{8CB40980-F620-4630-9E6B-A7947502AC47}.Release|Any CPU.Build.0 = Release|Any CPU
		{128ABBEE-310A-43BF-8F1E-3A5A78E3FFD3}.Debug|Any CPU.ActiveCfg = Debug|Any CPU
		{128ABBEE-310A-43BF-8F1E-3A5A78E3FFD3}.Debug|Any CPU.Build.0 = Debug|Any CPU
		{128ABBEE-310A-43BF-8F1E-3A5A78E3FFD3}.Release|Any CPU.ActiveCfg = Release|Any CPU
		{128ABBEE-310A-43BF-8F1E-3A5A78E3FFD3}.Release|Any CPU.Build.0 = Release|Any CPU
	EndGlobalSection
	GlobalSection(SolutionProperties) = preSolution
		HideSolutionNode = FALSE
	EndGlobalSection
	GlobalSection(NestedProjects) = preSolution
		{FA892580-BF51-4B07-9B92-F74AF0C2031D} = {F7D11F86-ADB3-4050-B139-DDBAB354D874}
		{DB71F5D2-BDA5-4414-8F15-F62E0237D86B} = {FA892580-BF51-4B07-9B92-F74AF0C2031D}
		{CEA3EECD-DBAF-475B-B979-3947C6F8B4E0} = {F7D11F86-ADB3-4050-B139-DDBAB354D874}
		{DD4118C1-581D-4AB9-8A06-C493B2912075} = {CEA3EECD-DBAF-475B-B979-3947C6F8B4E0}
		{1FA3B4EC-2357-4C00-A739-C94C35A1CBD5} = {F7D11F86-ADB3-4050-B139-DDBAB354D874}
		{8CB40980-F620-4630-9E6B-A7947502AC47} = {1FA3B4EC-2357-4C00-A739-C94C35A1CBD5}
		{128ABBEE-310A-43BF-8F1E-3A5A78E3FFD3} = {1FA3B4EC-2357-4C00-A739-C94C35A1CBD5}
	EndGlobalSection
	GlobalSection(ExtensibilityGlobals) = postSolution
		SolutionGuid = {DDE6A925-5865-4DC5-A4A2-DF4450F44950}
	EndGlobalSection
EndGlobal
