
Microsoft Visual Studio Solution File, Format Version 12.00
# Visual Studio Version 16
VisualStudioVersion = 16.0.31624.102
MinimumVisualStudioVersion = 10.0.40219.1
Project("{2150E333-8FDC-42A3-9474-1A3956D46DE8}") = "Services", "Services", "{F7D11F86-ADB3-4050-B139-DDBAB354D874}"
EndProject
Project("{2150E333-8FDC-42A3-9474-1A3956D46DE8}") = "Catalog", "Catalog", "{FA892580-BF51-4B07-9B92-F74AF0C2031D}"
EndProject
Project("{FAE04EC0-301F-11D3-BF4B-00C04F79EFBC}") = "Catalog.API", "Services\Catalog\Catalog.API\Catalog.API.csproj", "{DB71F5D2-BDA5-4414-8F15-F62E0237D86B}"
EndProject
Global
	GlobalSection(SolutionConfigurationPlatforms) = preSolution
		Debug|Any CPU = Debug|Any CPU
		Release|Any CPU = Release|Any CPU
	EndGlobalSection
	GlobalSection(ProjectConfigurationPlatforms) = postSolution
		{DB71F5D2-BDA5-4414-8F15-F62E0237D86B}.Debug|Any CPU.ActiveCfg = Debug|Any CPU
		{DB71F5D2-BDA5-4414-8F15-F62E0237D86B}.Debug|Any CPU.Build.0 = Debug|Any CPU
		{DB71F5D2-BDA5-4414-8F15-F62E0237D86B}.Release|Any CPU.ActiveCfg = Release|Any CPU
		{DB71F5D2-BDA5-4414-8F15-F62E0237D86B}.Release|Any CPU.Build.0 = Release|Any CPU
	EndGlobalSection
	GlobalSection(SolutionProperties) = preSolution
		HideSolutionNode = FALSE
	EndGlobalSection
	GlobalSection(NestedProjects) = preSolution
		{FA892580-BF51-4B07-9B92-F74AF0C2031D} = {F7D11F86-ADB3-4050-B139-DDBAB354D874}
		{DB71F5D2-BDA5-4414-8F15-F62E0237D86B} = {FA892580-BF51-4B07-9B92-F74AF0C2031D}
	EndGlobalSection
	GlobalSection(ExtensibilityGlobals) = postSolution
		SolutionGuid = {DDE6A925-5865-4DC5-A4A2-DF4450F44950}
	EndGlobalSection
EndGlobal
